// !$*UTF8*$!
{
	archiveVersion = 1;
	classes = {
	};
	objectVersion = 46;
	objects = {

/* Begin PBXBuildFile section */
		E647A5851D2DAEC5000CAFD3 /* sfx_flap.caf in Resources */ = {isa = PBXBuildFile; fileRef = E647A5831D2DAEC5000CAFD3 /* sfx_flap.caf */; };
		E647A5861D2DAEC5000CAFD3 /* sfx_goal.caf in Resources */ = {isa = PBXBuildFile; fileRef = E647A5841D2DAEC5000CAFD3 /* sfx_goal.caf */; };
		E647A5881D2DB11B000CAFD3 /* CGFloat+Extensions.swift in Sources */ = {isa = PBXBuildFile; fileRef = E647A5871D2DB11B000CAFD3 /* CGFloat+Extensions.swift */; };
		E647A58A1D2DC379000CAFD3 /* Obstacle.sks in Resources */ = {isa = PBXBuildFile; fileRef = E647A5891D2DC379000CAFD3 /* Obstacle.sks */; };
		E6A894611D2D69B8007ED21D /* AppDelegate.swift in Sources */ = {isa = PBXBuildFile; fileRef = E6A894601D2D69B8007ED21D /* AppDelegate.swift */; };
		E6A894651D2D69B8007ED21D /* GameScene.swift in Sources */ = {isa = PBXBuildFile; fileRef = E6A894641D2D69B8007ED21D /* GameScene.swift */; };
		E6A894671D2D69B8007ED21D /* GameViewController.swift in Sources */ = {isa = PBXBuildFile; fileRef = E6A894661D2D69B8007ED21D /* GameViewController.swift */; };
		E6A8946A1D2D69B8007ED21D /* Main.storyboard in Resources */ = {isa = PBXBuildFile; fileRef = E6A894681D2D69B8007ED21D /* Main.storyboard */; };
		E6A8946C1D2D69B8007ED21D /* Assets.xcassets in Resources */ = {isa = PBXBuildFile; fileRef = E6A8946B1D2D69B8007ED21D /* Assets.xcassets */; };
		E6A8946F1D2D69B8007ED21D /* LaunchScreen.storyboard in Resources */ = {isa = PBXBuildFile; fileRef = E6A8946D1D2D69B8007ED21D /* LaunchScreen.storyboard */; };
		E6A894791D2D8A9B007ED21D /* Hero.sks in Resources */ = {isa = PBXBuildFile; fileRef = E6A894781D2D8A9B007ED21D /* Hero.sks */; };
		E6E131E61D2EC5FB008D653E /* Obstacle.sks in Resources */ = {isa = PBXBuildFile; fileRef = E6E131E51D2EC5FB008D653E /* Obstacle.sks */; };
		E6E131EA1D2EC94A008D653E /* GameScene.sks in Resources */ = {isa = PBXBuildFile; fileRef = E6E131E91D2EC94A008D653E /* GameScene.sks */; };
		E6E131EC1D2EDB0A008D653E /* MSButtonNode.swift in Sources */ = {isa = PBXBuildFile; fileRef = E6E131EB1D2EDB0A008D653E /* MSButtonNode.swift */; };
		E6E131F21D2EEE51008D653E /* GameEffects.sks in Resources */ = {isa = PBXBuildFile; fileRef = E6E131F11D2EEE51008D653E /* GameEffects.sks */; };
/* End PBXBuildFile section */

/* Begin PBXFileReference section */
		E647A5831D2DAEC5000CAFD3 /* sfx_flap.caf */ = {isa = PBXFileReference; lastKnownFileType = file; path = sfx_flap.caf; sourceTree = "<group>"; };
		E647A5841D2DAEC5000CAFD3 /* sfx_goal.caf */ = {isa = PBXFileReference; lastKnownFileType = file; path = sfx_goal.caf; sourceTree = "<group>"; };
		E647A5871D2DB11B000CAFD3 /* CGFloat+Extensions.swift */ = {isa = PBXFileReference; fileEncoding = 4; lastKnownFileType = sourcecode.swift; path = "CGFloat+Extensions.swift"; sourceTree = "<group>"; };
		E647A5891D2DC379000CAFD3 /* Obstacle.sks */ = {isa = PBXFileReference; lastKnownFileType = file.sks; path = Obstacle.sks; sourceTree = "<group>"; };
		E6A8945D1D2D69B8007ED21D /* HoppyBunny.app */ = {isa = PBXFileReference; explicitFileType = wrapper.application; includeInIndex = 0; path = HoppyBunny.app; sourceTree = BUILT_PRODUCTS_DIR; };
		E6A894601D2D69B8007ED21D /* AppDelegate.swift */ = {isa = PBXFileReference; lastKnownFileType = sourcecode.swift; path = AppDelegate.swift; sourceTree = "<group>"; };
		E6A894641D2D69B8007ED21D /* GameScene.swift */ = {isa = PBXFileReference; lastKnownFileType = sourcecode.swift; path = GameScene.swift; sourceTree = "<group>"; };
		E6A894661D2D69B8007ED21D /* GameViewController.swift */ = {isa = PBXFileReference; lastKnownFileType = sourcecode.swift; path = GameViewController.swift; sourceTree = "<group>"; };
		E6A894691D2D69B8007ED21D /* Base */ = {isa = PBXFileReference; lastKnownFileType = file.storyboard; name = Base; path = Base.lproj/Main.storyboard; sourceTree = "<group>"; };
		E6A8946B1D2D69B8007ED21D /* Assets.xcassets */ = {isa = PBXFileReference; lastKnownFileType = folder.assetcatalog; path = Assets.xcassets; sourceTree = "<group>"; };
		E6A8946E1D2D69B8007ED21D /* Base */ = {isa = PBXFileReference; lastKnownFileType = file.storyboard; name = Base; path = Base.lproj/LaunchScreen.storyboard; sourceTree = "<group>"; };
		E6A894701D2D69B8007ED21D /* Info.plist */ = {isa = PBXFileReference; lastKnownFileType = text.plist.xml; path = Info.plist; sourceTree = "<group>"; };
		E6A894781D2D8A9B007ED21D /* Hero.sks */ = {isa = PBXFileReference; lastKnownFileType = file.sks; path = Hero.sks; sourceTree = "<group>"; };
		E6E131E51D2EC5FB008D653E /* Obstacle.sks */ = {isa = PBXFileReference; lastKnownFileType = file.sks; path = Obstacle.sks; sourceTree = "<group>"; };
		E6E131E91D2EC94A008D653E /* GameScene.sks */ = {isa = PBXFileReference; lastKnownFileType = file.sks; path = GameScene.sks; sourceTree = "<group>"; };
		E6E131EB1D2EDB0A008D653E /* MSButtonNode.swift */ = {isa = PBXFileReference; fileEncoding = 4; lastKnownFileType = sourcecode.swift; path = MSButtonNode.swift; sourceTree = "<group>"; };
		E6E131F11D2EEE51008D653E /* GameEffects.sks */ = {isa = PBXFileReference; lastKnownFileType = file.sks; path = GameEffects.sks; sourceTree = "<group>"; };
/* End PBXFileReference section */

/* Begin PBXFrameworksBuildPhase section */
		E6A8945A1D2D69B8007ED21D /* Frameworks */ = {
			isa = PBXFrameworksBuildPhase;
			buildActionMask = 2147483647;
			files = (
			);
			runOnlyForDeploymentPostprocessing = 0;
		};
/* End PBXFrameworksBuildPhase section */

/* Begin PBXGroup section */
		E647A5821D2DAEC5000CAFD3 /* SFX */ = {
			isa = PBXGroup;
			children = (
				E647A5831D2DAEC5000CAFD3 /* sfx_flap.caf */,
				E647A5841D2DAEC5000CAFD3 /* sfx_goal.caf */,
			);
			path = SFX;
			sourceTree = "<group>";
		};
		E6A894541D2D69B8007ED21D = {
			isa = PBXGroup;
			children = (
				E6E131E51D2EC5FB008D653E /* Obstacle.sks */,
				E6A8945F1D2D69B8007ED21D /* HoppyBunny */,
				E6A8945E1D2D69B8007ED21D /* Products */,
			);
			sourceTree = "<group>";
		};
		E6A8945E1D2D69B8007ED21D /* Products */ = {
			isa = PBXGroup;
			children = (
				E6A8945D1D2D69B8007ED21D /* HoppyBunny.app */,
			);
			name = Products;
			sourceTree = "<group>";
		};
		E6A8945F1D2D69B8007ED21D /* HoppyBunny */ = {
			isa = PBXGroup;
			children = (
				E6A894601D2D69B8007ED21D /* AppDelegate.swift */,
				E6E131E91D2EC94A008D653E /* GameScene.sks */,
				E647A5871D2DB11B000CAFD3 /* CGFloat+Extensions.swift */,
				E6A894781D2D8A9B007ED21D /* Hero.sks */,
				E6A894641D2D69B8007ED21D /* GameScene.swift */,
				E647A5891D2DC379000CAFD3 /* Obstacle.sks */,
				E6A894661D2D69B8007ED21D /* GameViewController.swift */,
				E6E131EB1D2EDB0A008D653E /* MSButtonNode.swift */,
				E6A894681D2D69B8007ED21D /* Main.storyboard */,
				E6A8946B1D2D69B8007ED21D /* Assets.xcassets */,
				E647A5821D2DAEC5000CAFD3 /* SFX */,
				E6A8946D1D2D69B8007ED21D /* LaunchScreen.storyboard */,
				E6A894701D2D69B8007ED21D /* Info.plist */,
				E6E131F11D2EEE51008D653E /* GameEffects.sks */,
			);
			path = HoppyBunny;
			sourceTree = "<group>";
		};
/* End PBXGroup section */

/* Begin PBXNativeTarget section */
		E6A8945C1D2D69B8007ED21D /* HoppyBunny */ = {
			isa = PBXNativeTarget;
			buildConfigurationList = E6A894731D2D69B8007ED21D /* Build configuration list for PBXNativeTarget "HoppyBunny" */;
			buildPhases = (
				E6A894591D2D69B8007ED21D /* Sources */,
				E6A8945A1D2D69B8007ED21D /* Frameworks */,
				E6A8945B1D2D69B8007ED21D /* Resources */,
			);
			buildRules = (
			);
			dependencies = (
			);
			name = HoppyBunny;
			productName = HoppyBunny;
			productReference = E6A8945D1D2D69B8007ED21D /* HoppyBunny.app */;
			productType = "com.apple.product-type.application";
		};
/* End PBXNativeTarget section */

/* Begin PBXProject section */
		E6A894551D2D69B8007ED21D /* Project object */ = {
			isa = PBXProject;
			attributes = {
				LastSwiftUpdateCheck = 0730;
				LastUpgradeCheck = 0730;
				ORGANIZATIONNAME = Stanford;
				TargetAttributes = {
					E6A8945C1D2D69B8007ED21D = {
						CreatedOnToolsVersion = 7.3.1;
					};
				};
			};
			buildConfigurationList = E6A894581D2D69B8007ED21D /* Build configuration list for PBXProject "HoppyBunny" */;
			compatibilityVersion = "Xcode 3.2";
			developmentRegion = English;
			hasScannedForEncodings = 0;
			knownRegions = (
				en,
				Base,
			);
			mainGroup = E6A894541D2D69B8007ED21D;
			productRefGroup = E6A8945E1D2D69B8007ED21D /* Products */;
			projectDirPath = "";
			projectRoot = "";
			targets = (
				E6A8945C1D2D69B8007ED21D /* HoppyBunny */,
			);
		};
/* End PBXProject section */

/* Begin PBXResourcesBuildPhase section */
		E6A8945B1D2D69B8007ED21D /* Resources */ = {
			isa = PBXResourcesBuildPhase;
			buildActionMask = 2147483647;
			files = (
				E647A58A1D2DC379000CAFD3 /* Obstacle.sks in Resources */,
				E6A8946F1D2D69B8007ED21D /* LaunchScreen.storyboard in Resources */,
				E6A894791D2D8A9B007ED21D /* Hero.sks in Resources */,
				E647A5861D2DAEC5000CAFD3 /* sfx_goal.caf in Resources */,
				E6A8946C1D2D69B8007ED21D /* Assets.xcassets in Resources */,
				E6A8946A1D2D69B8007ED21D /* Main.storyboard in Resources */,
				E6E131F21D2EEE51008D653E /* GameEffects.sks in Resources */,
				E647A5851D2DAEC5000CAFD3 /* sfx_flap.caf in Resources */,
				E6E131EA1D2EC94A008D653E /* GameScene.sks in Resources */,
				E6E131E61D2EC5FB008D653E /* Obstacle.sks in Resources */,
			);
			runOnlyForDeploymentPostprocessing = 0;
		};
/* End PBXResourcesBuildPhase section */

/* Begin PBXSourcesBuildPhase section */
		E6A894591D2D69B8007ED21D /* Sources */ = {
			isa = PBXSourcesBuildPhase;
			buildActionMask = 2147483647;
			files = (
				E6A894651D2D69B8007ED21D /* GameScene.swift in Sources */,
				E6A894671D2D69B8007ED21D /* GameViewController.swift in Sources */,
				E647A5881D2DB11B000CAFD3 /* CGFloat+Extensions.swift in Sources */,
				E6A894611D2D69B8007ED21D /* AppDelegate.swift in Sources */,
				E6E131EC1D2EDB0A008D653E /* MSButtonNode.swift in Sources */,
			);
			runOnlyForDeploymentPostprocessing = 0;
		};
/* End PBXSourcesBuildPhase section */

/* Begin PBXVariantGroup section */
		E6A894681D2D69B8007ED21D /* Main.storyboard */ = {
			isa = PBXVariantGroup;
			children = (
				E6A894691D2D69B8007ED21D /* Base */,
			);
			name = Main.storyboard;
			sourceTree = "<group>";
		};
		E6A8946D1D2D69B8007ED21D /* LaunchScreen.storyboard */ = {
			isa = PBXVariantGroup;
			children = (
				E6A8946E1D2D69B8007ED21D /* Base */,
			);
			name = LaunchScreen.storyboard;
			sourceTree = "<group>";
		};
/* End PBXVariantGroup section */

/* Begin XCBuildConfiguration section */
		E6A894711D2D69B8007ED21D /* Debug */ = {
			isa = XCBuildConfiguration;
			buildSettings = {
				ALWAYS_SEARCH_USER_PATHS = NO;
				CLANG_ANALYZER_NONNULL = YES;
				CLANG_CXX_LANGUAGE_STANDARD = "gnu++0x";
				CLANG_CXX_LIBRARY = "libc++";
				CLANG_ENABLE_MODULES = YES;
				CLANG_ENABLE_OBJC_ARC = YES;
				CLANG_WARN_BOOL_CONVERSION = YES;
				CLANG_WARN_CONSTANT_CONVERSION = YES;
				CLANG_WARN_DIRECT_OBJC_ISA_USAGE = YES_ERROR;
				CLANG_WARN_EMPTY_BODY = YES;
				CLANG_WARN_ENUM_CONVERSION = YES;
				CLANG_WARN_INT_CONVERSION = YES;
				CLANG_WARN_OBJC_ROOT_CLASS = YES_ERROR;
				CLANG_WARN_UNREACHABLE_CODE = YES;
				CLANG_WARN__DUPLICATE_METHOD_MATCH = YES;
				"CODE_SIGN_IDENTITY[sdk=iphoneos*]" = "iPhone Developer";
				COPY_PHASE_STRIP = NO;
				DEBUG_INFORMATION_FORMAT = "dwarf-with-dsym";
				ENABLE_STRICT_OBJC_MSGSEND = YES;
				ENABLE_TESTABILITY = YES;
				GCC_C_LANGUAGE_STANDARD = gnu99;
				GCC_DYNAMIC_NO_PIC = NO;
				GCC_NO_COMMON_BLOCKS = YES;
				GCC_OPTIMIZATION_LEVEL = 0;
				GCC_PREPROCESSOR_DEFINITIONS = (
					"DEBUG=1",
					"$(inherited)",
				);
				GCC_WARN_64_TO_32_BIT_CONVERSION = YES;
				GCC_WARN_ABOUT_RETURN_TYPE = YES_ERROR;
				GCC_WARN_UNDECLARED_SELECTOR = YES;
				GCC_WARN_UNINITIALIZED_AUTOS = YES_AGGRESSIVE;
				GCC_WARN_UNUSED_FUNCTION = YES;
				GCC_WARN_UNUSED_VARIABLE = YES;
				IPHONEOS_DEPLOYMENT_TARGET = 9.3;
				MTL_ENABLE_DEBUG_INFO = YES;
				ONLY_ACTIVE_ARCH = YES;
				SDKROOT = iphoneos;
				SWIFT_OPTIMIZATION_LEVEL = "-Onone";
			};
			name = Debug;
		};
		E6A894721D2D69B8007ED21D /* Release */ = {
			isa = XCBuildConfiguration;
			buildSettings = {
				ALWAYS_SEARCH_USER_PATHS = NO;
				CLANG_ANALYZER_NONNULL = YES;
				CLANG_CXX_LANGUAGE_STANDARD = "gnu++0x";
				CLANG_CXX_LIBRARY = "libc++";
				CLANG_ENABLE_MODULES = YES;
				CLANG_ENABLE_OBJC_ARC = YES;
				CLANG_WARN_BOOL_CONVERSION = YES;
				CLANG_WARN_CONSTANT_CONVERSION = YES;
				CLANG_WARN_DIRECT_OBJC_ISA_USAGE = YES_ERROR;
				CLANG_WARN_EMPTY_BODY = YES;
				CLANG_WARN_ENUM_CONVERSION = YES;
				CLANG_WARN_INT_CONVERSION = YES;
				CLANG_WARN_OBJC_ROOT_CLASS = YES_ERROR;
				CLANG_WARN_UNREACHABLE_CODE = YES;
				CLANG_WARN__DUPLICATE_METHOD_MATCH = YES;
				"CODE_SIGN_IDENTITY[sdk=iphoneos*]" = "iPhone Developer";
				COPY_PHASE_STRIP = NO;
				DEBUG_INFORMATION_FORMAT = "dwarf-with-dsym";
				ENABLE_NS_ASSERTIONS = NO;
				ENABLE_STRICT_OBJC_MSGSEND = YES;
				GCC_C_LANGUAGE_STANDARD = gnu99;
				GCC_NO_COMMON_BLOCKS = YES;
				GCC_WARN_64_TO_32_BIT_CONVERSION = YES;
				GCC_WARN_ABOUT_RETURN_TYPE = YES_ERROR;
				GCC_WARN_UNDECLARED_SELECTOR = YES;
				GCC_WARN_UNINITIALIZED_AUTOS = YES_AGGRESSIVE;
				GCC_WARN_UNUSED_FUNCTION = YES;
				GCC_WARN_UNUSED_VARIABLE = YES;
				IPHONEOS_DEPLOYMENT_TARGET = 9.3;
				MTL_ENABLE_DEBUG_INFO = NO;
				SDKROOT = iphoneos;
				VALIDATE_PRODUCT = YES;
			};
			name = Release;
		};
		E6A894741D2D69B8007ED21D /* Debug */ = {
			isa = XCBuildConfiguration;
			buildSettings = {
				ASSETCATALOG_COMPILER_APPICON_NAME = AppIcon;
				INFOPLIST_FILE = HoppyBunny/Info.plist;
				LD_RUNPATH_SEARCH_PATHS = "$(inherited) @executable_path/Frameworks";
				PRODUCT_BUNDLE_IDENTIFIER = com.supercoolsecretstudios.HoppyBunny;
				PRODUCT_NAME = "$(TARGET_NAME)";
			};
			name = Debug;
		};
		E6A894751D2D69B8007ED21D /* Release */ = {
			isa = XCBuildConfiguration;
			buildSettings = {
				ASSETCATALOG_COMPILER_APPICON_NAME = AppIcon;
				INFOPLIST_FILE = HoppyBunny/Info.plist;
				LD_RUNPATH_SEARCH_PATHS = "$(inherited) @executable_path/Frameworks";
				PRODUCT_BUNDLE_IDENTIFIER = com.supercoolsecretstudios.HoppyBunny;
				PRODUCT_NAME = "$(TARGET_NAME)";
			};
			name = Release;
		};
/* End XCBuildConfiguration section */

/* Begin XCConfigurationList section */
		E6A894581D2D69B8007ED21D /* Build configuration list for PBXProject "HoppyBunny" */ = {
			isa = XCConfigurationList;
			buildConfigurations = (
				E6A894711D2D69B8007ED21D /* Debug */,
				E6A894721D2D69B8007ED21D /* Release */,
			);
			defaultConfigurationIsVisible = 0;
			defaultConfigurationName = Release;
		};
		E6A894731D2D69B8007ED21D /* Build configuration list for PBXNativeTarget "HoppyBunny" */ = {
			isa = XCConfigurationList;
			buildConfigurations = (
				E6A894741D2D69B8007ED21D /* Debug */,
				E6A894751D2D69B8007ED21D /* Release */,
			);
			defaultConfigurationIsVisible = 0;
			defaultConfigurationName = Release;
		};
/* End XCConfigurationList section */
	};
	rootObject = E6A894551D2D69B8007ED21D /* Project object */;
}
